
Microsoft Visual Studio Solution File, Format Version 12.00
# Visual Studio Version 16
VisualStudioVersion = 16.0.29326.143
MinimumVisualStudioVersion = 10.0.40219.1
Project("{FAE04EC0-301F-11D3-BF4B-00C04F79EFBC}") = "Algorithms", "Algorithms.csproj", "{DA351764-C6F5-4A07-B356-B489820145F4}"
EndProject
Global
	GlobalSection(SolutionConfigurationPlatforms) = preSolution
		Debug|Any CPU = Debug|Any CPU
		Release|Any CPU = Release|Any CPU
	EndGlobalSection
	GlobalSection(ProjectConfigurationPlatforms) = postSolution
		{DA351764-C6F5-4A07-B356-B489820145F4}.Debug|Any CPU.ActiveCfg = Debug|Any CPU
		{DA351764-C6F5-4A07-B356-B489820145F4}.Debug|Any CPU.Build.0 = Debug|Any CPU
		{DA351764-C6F5-4A07-B356-B489820145F4}.Release|Any CPU.ActiveCfg = Release|Any CPU
		{DA351764-C6F5-4A07-B356-B489820145F4}.Release|Any CPU.Build.0 = Release|Any CPU
	EndGlobalSection
	GlobalSection(SolutionProperties) = preSolution
		HideSolutionNode = FALSE
	EndGlobalSection
	GlobalSection(ExtensibilityGlobals) = postSolution
		SolutionGuid = {FA030102-172E-4F97-B599-F4C46B499599}
	EndGlobalSection
EndGlobal
